
Microsoft Visual Studio Solution File, Format Version 12.00
# Visual Studio 15
VisualStudioVersion = 15.0.27703.2000
MinimumVisualStudioVersion = 10.0.40219.1
Project("{FAE04EC0-301F-11D3-BF4B-00C04F79EFBC}") = "CheckerBoardUI", "Project1\CheckerBoardUI.csproj", "{72FEB209-AD1A-4D87-A12E-B56D9AFE32A7}"
EndProject
Project("{FAE04EC0-301F-11D3-BF4B-00C04F79EFBC}") = "CheckersLogic", "CheckersLogic\CheckersLogic.csproj", "{388A27E2-ECC9-4B26-98BE-1B829694EB0A}"
EndProject
Project("{2150E333-8FDC-42A3-9474-1A3956D46DE8}") = "Solution Items", "Solution Items", "{C5B6CF9B-09D3-4253-8A25-90E92F8BB745}"
	ProjectSection(SolutionItems) = preProject
		Details.txt = Details.txt
	EndProjectSection
EndProject
Global
	GlobalSection(SolutionConfigurationPlatforms) = preSolution
		Debug|Any CPU = Debug|Any CPU
		Release|Any CPU = Release|Any CPU
	EndGlobalSection
	GlobalSection(ProjectConfigurationPlatforms) = postSolution
		{72FEB209-AD1A-4D87-A12E-B56D9AFE32A7}.Debug|Any CPU.ActiveCfg = Debug|Any CPU
		{72FEB209-AD1A-4D87-A12E-B56D9AFE32A7}.Debug|Any CPU.Build.0 = Debug|Any CPU
		{72FEB209-AD1A-4D87-A12E-B56D9AFE32A7}.Release|Any CPU.ActiveCfg = Release|Any CPU
		{72FEB209-AD1A-4D87-A12E-B56D9AFE32A7}.Release|Any CPU.Build.0 = Release|Any CPU
		{388A27E2-ECC9-4B26-98BE-1B829694EB0A}.Debug|Any CPU.ActiveCfg = Debug|Any CPU
		{388A27E2-ECC9-4B26-98BE-1B829694EB0A}.Debug|Any CPU.Build.0 = Debug|Any CPU
		{388A27E2-ECC9-4B26-98BE-1B829694EB0A}.Release|Any CPU.ActiveCfg = Release|Any CPU
		{388A27E2-ECC9-4B26-98BE-1B829694EB0A}.Release|Any CPU.Build.0 = Release|Any CPU
	EndGlobalSection
	GlobalSection(SolutionProperties) = preSolution
		HideSolutionNode = FALSE
	EndGlobalSection
	GlobalSection(ExtensibilityGlobals) = postSolution
		SolutionGuid = {3C88FA19-188D-4E67-8D9F-F3C4B70E5001}
	EndGlobalSection
EndGlobal
